
Microsoft Visual Studio Solution File, Format Version 12.00
# Visual Studio Version 17
VisualStudioVersion = 17.5.33103.201
MinimumVisualStudioVersion = 10.0.40219.1
Project("{FAE04EC0-301F-11D3-BF4B-00C04F79EFBC}") = "MindboxTest", "MindboxTest\MindboxTest.csproj", "{E3ABB61E-E7A0-498F-AC6C-95697B80BCF2}"
EndProject
Project("{FAE04EC0-301F-11D3-BF4B-00C04F79EFBC}") = "Test", "Test\Test.csproj", "{66D827A6-3BB7-4919-9D51-D6FBF9DB3A26}"
EndProject
Project("{2150E333-8FDC-42A3-9474-1A3956D46DE8}") = "sql", "sql", "{BDEC36A2-40F3-48B0-98DE-AC6355769EC5}"
	ProjectSection(SolutionItems) = preProject
		productCategory.sql = productCategory.sql
	EndProjectSection
EndProject
Global
	GlobalSection(SolutionConfigurationPlatforms) = preSolution
		Debug|Any CPU = Debug|Any CPU
		Release|Any CPU = Release|Any CPU
	EndGlobalSection
	GlobalSection(ProjectConfigurationPlatforms) = postSolution
		{E3ABB61E-E7A0-498F-AC6C-95697B80BCF2}.Debug|Any CPU.ActiveCfg = Debug|Any CPU
		{E3ABB61E-E7A0-498F-AC6C-95697B80BCF2}.Debug|Any CPU.Build.0 = Debug|Any CPU
		{E3ABB61E-E7A0-498F-AC6C-95697B80BCF2}.Release|Any CPU.ActiveCfg = Release|Any CPU
		{E3ABB61E-E7A0-498F-AC6C-95697B80BCF2}.Release|Any CPU.Build.0 = Release|Any CPU
		{66D827A6-3BB7-4919-9D51-D6FBF9DB3A26}.Debug|Any CPU.ActiveCfg = Debug|Any CPU
		{66D827A6-3BB7-4919-9D51-D6FBF9DB3A26}.Debug|Any CPU.Build.0 = Debug|Any CPU
		{66D827A6-3BB7-4919-9D51-D6FBF9DB3A26}.Release|Any CPU.ActiveCfg = Release|Any CPU
		{66D827A6-3BB7-4919-9D51-D6FBF9DB3A26}.Release|Any CPU.Build.0 = Release|Any CPU
	EndGlobalSection
	GlobalSection(SolutionProperties) = preSolution
		HideSolutionNode = FALSE
	EndGlobalSection
	GlobalSection(ExtensibilityGlobals) = postSolution
		SolutionGuid = {47D0492D-0D6C-4C3A-97C6-202D94507677}
	EndGlobalSection
EndGlobal
